
Microsoft Visual Studio Solution File, Format Version 12.00
# Visual Studio 15
VisualStudioVersion = 15.0.28307.779
MinimumVisualStudioVersion = 10.0.40219.1
Project("{FAE04EC0-301F-11D3-BF4B-00C04F79EFBC}") = "SiteAvailabilityMonitoring", "SiteAvailabilityMonitoring\SiteAvailabilityMonitoring.csproj", "{1CB4F5E6-F5EA-443C-B93E-B1C088B677CF}"
EndProject
Project("{FAE04EC0-301F-11D3-BF4B-00C04F79EFBC}") = "SiteAvailabilityMonitoring.Domain", "SiteAvailabilityMonitoring.Domain\SiteAvailabilityMonitoring.Domain.csproj", "{56C95BBD-9DF0-479F-B043-1DD38267C9D1}"
EndProject
Project("{FAE04EC0-301F-11D3-BF4B-00C04F79EFBC}") = "SiteAvailabilityMonitoring.DataAccess", "SiteAvailabilityMonitoring.DataAccess\SiteAvailabilityMonitoring.DataAccess.csproj", "{CA915019-D809-429C-B13D-2082F53BC241}"
EndProject
Project("{FAE04EC0-301F-11D3-BF4B-00C04F79EFBC}") = "SiteAvailabilityMonitoring.Entities", "SiteAvailabilityMonitoring.Entities\SiteAvailabilityMonitoring.Entities.csproj", "{4347F138-6C05-4A81-BDDF-18E53DB80A1B}"
EndProject
Project("{2150E333-8FDC-42A3-9474-1A3956D46DE8}") = "git", "git", "{C29A7EEE-443E-4230-8969-93908A4E7861}"
ProjectSection(SolutionItems) = preProject
	..\.gitignore = ..\.gitignore
	..\README.md = ..\README.md
EndProjectSection
EndProject
Global
	GlobalSection(SolutionConfigurationPlatforms) = preSolution
		Debug|Any CPU = Debug|Any CPU
		Release|Any CPU = Release|Any CPU
	EndGlobalSection
	GlobalSection(ProjectConfigurationPlatforms) = postSolution
		{1CB4F5E6-F5EA-443C-B93E-B1C088B677CF}.Debug|Any CPU.ActiveCfg = Debug|Any CPU
		{1CB4F5E6-F5EA-443C-B93E-B1C088B677CF}.Debug|Any CPU.Build.0 = Debug|Any CPU
		{1CB4F5E6-F5EA-443C-B93E-B1C088B677CF}.Release|Any CPU.ActiveCfg = Release|Any CPU
		{1CB4F5E6-F5EA-443C-B93E-B1C088B677CF}.Release|Any CPU.Build.0 = Release|Any CPU
		{56C95BBD-9DF0-479F-B043-1DD38267C9D1}.Debug|Any CPU.ActiveCfg = Debug|Any CPU
		{56C95BBD-9DF0-479F-B043-1DD38267C9D1}.Debug|Any CPU.Build.0 = Debug|Any CPU
		{56C95BBD-9DF0-479F-B043-1DD38267C9D1}.Release|Any CPU.ActiveCfg = Release|Any CPU
		{56C95BBD-9DF0-479F-B043-1DD38267C9D1}.Release|Any CPU.Build.0 = Release|Any CPU
		{CA915019-D809-429C-B13D-2082F53BC241}.Debug|Any CPU.ActiveCfg = Debug|Any CPU
		{CA915019-D809-429C-B13D-2082F53BC241}.Debug|Any CPU.Build.0 = Debug|Any CPU
		{CA915019-D809-429C-B13D-2082F53BC241}.Release|Any CPU.ActiveCfg = Release|Any CPU
		{CA915019-D809-429C-B13D-2082F53BC241}.Release|Any CPU.Build.0 = Release|Any CPU
		{4347F138-6C05-4A81-BDDF-18E53DB80A1B}.Debug|Any CPU.ActiveCfg = Debug|Any CPU
		{4347F138-6C05-4A81-BDDF-18E53DB80A1B}.Debug|Any CPU.Build.0 = Debug|Any CPU
		{4347F138-6C05-4A81-BDDF-18E53DB80A1B}.Release|Any CPU.ActiveCfg = Release|Any CPU
		{4347F138-6C05-4A81-BDDF-18E53DB80A1B}.Release|Any CPU.Build.0 = Release|Any CPU
	EndGlobalSection
	GlobalSection(SolutionProperties) = preSolution
		HideSolutionNode = FALSE
	EndGlobalSection
	GlobalSection(ExtensibilityGlobals) = postSolution
		SolutionGuid = {6A3BFB7E-AD6F-4D2B-ADD8-A9A0E1317347}
	EndGlobalSection
EndGlobal
