
Microsoft Visual Studio Solution File, Format Version 12.00
# Visual Studio Version 16
VisualStudioVersion = 16.0.29102.190
MinimumVisualStudioVersion = 10.0.40219.1
Project("{9A19103F-16F7-4668-BE54-9A1E7A4F7556}") = "SiteAvailabilityMonitoring", "SiteAvailabilityMonitoring\SiteAvailabilityMonitoring.csproj", "{4915DE88-E836-49A9-84A3-DC6EC77D508E}"
EndProject
Project("{9A19103F-16F7-4668-BE54-9A1E7A4F7556}") = "SiteAvailabilityMonitoring.Domain", "Domain\SiteAvailabilityMonitoring.Domain.csproj", "{05B58D32-6499-40E0-A077-E116845DBF39}"
EndProject
Project("{9A19103F-16F7-4668-BE54-9A1E7A4F7556}") = "SiteAvailabilityMonitoring.Infrastructure", "Infrastructure\SiteAvailabilityMonitoring.Infrastructure.csproj", "{1803281C-4364-4534-8E65-B0CC62525A79}"
EndProject
Global
	GlobalSection(SolutionConfigurationPlatforms) = preSolution
		Debug|Any CPU = Debug|Any CPU
		Release|Any CPU = Release|Any CPU
	EndGlobalSection
	GlobalSection(ProjectConfigurationPlatforms) = postSolution
		{4915DE88-E836-49A9-84A3-DC6EC77D508E}.Debug|Any CPU.ActiveCfg = Debug|Any CPU
		{4915DE88-E836-49A9-84A3-DC6EC77D508E}.Debug|Any CPU.Build.0 = Debug|Any CPU
		{4915DE88-E836-49A9-84A3-DC6EC77D508E}.Release|Any CPU.ActiveCfg = Release|Any CPU
		{4915DE88-E836-49A9-84A3-DC6EC77D508E}.Release|Any CPU.Build.0 = Release|Any CPU
		{05B58D32-6499-40E0-A077-E116845DBF39}.Debug|Any CPU.ActiveCfg = Debug|Any CPU
		{05B58D32-6499-40E0-A077-E116845DBF39}.Debug|Any CPU.Build.0 = Debug|Any CPU
		{05B58D32-6499-40E0-A077-E116845DBF39}.Release|Any CPU.ActiveCfg = Release|Any CPU
		{05B58D32-6499-40E0-A077-E116845DBF39}.Release|Any CPU.Build.0 = Release|Any CPU
		{1803281C-4364-4534-8E65-B0CC62525A79}.Debug|Any CPU.ActiveCfg = Debug|Any CPU
		{1803281C-4364-4534-8E65-B0CC62525A79}.Debug|Any CPU.Build.0 = Debug|Any CPU
		{1803281C-4364-4534-8E65-B0CC62525A79}.Release|Any CPU.ActiveCfg = Release|Any CPU
		{1803281C-4364-4534-8E65-B0CC62525A79}.Release|Any CPU.Build.0 = Release|Any CPU
	EndGlobalSection
	GlobalSection(SolutionProperties) = preSolution
		HideSolutionNode = FALSE
	EndGlobalSection
	GlobalSection(ExtensibilityGlobals) = postSolution
		SolutionGuid = {6A3BFB7E-AD6F-4D2B-ADD8-A9A0E1317347}
	EndGlobalSection
EndGlobal
